
Microsoft Visual Studio Solution File, Format Version 12.00
# Visual Studio Version 17
VisualStudioVersion = 17.5.33209.295
MinimumVisualStudioVersion = 10.0.40219.1
Project("{9A19103F-16F7-4668-BE54-9A1E7A4F7556}") = "BookShop", "src\BookShop\BookShop.csproj", "{A00346FA-ABB8-4DF4-BE13-613A5625A329}"
EndProject
Project("{9A19103F-16F7-4668-BE54-9A1E7A4F7556}") = "BookShop.Web", "src\BookShop.Web\BookShop.Web.csproj", "{0CB889B4-D618-4B7E-9C3C-E07663567F60}"
EndProject
Project("{2150E333-8FDC-42A3-9474-1A3956D46DE8}") = "src", "src", "{A713742A-80AD-45FE-8C12-3DDC91319434}"
EndProject
Project("{2150E333-8FDC-42A3-9474-1A3956D46DE8}") = "root", "root", "{0FE54553-14D1-4C5E-9C17-92305F071CCD}"
	ProjectSection(SolutionItems) = preProject
		.editorconfig = .editorconfig
		AssemblyInfo.cs = AssemblyInfo.cs
		BannedSymbols.txt = BannedSymbols.txt
		Directory.Build.props = Directory.Build.props
		Directory.Packages.props = Directory.Packages.props
	EndProjectSection
EndProject
Global
	GlobalSection(SolutionConfigurationPlatforms) = preSolution
		Debug|Any CPU = Debug|Any CPU
		Release|Any CPU = Release|Any CPU
	EndGlobalSection
	GlobalSection(ProjectConfigurationPlatforms) = postSolution
		{A00346FA-ABB8-4DF4-BE13-613A5625A329}.Debug|Any CPU.ActiveCfg = Debug|Any CPU
		{A00346FA-ABB8-4DF4-BE13-613A5625A329}.Debug|Any CPU.Build.0 = Debug|Any CPU
		{A00346FA-ABB8-4DF4-BE13-613A5625A329}.Release|Any CPU.ActiveCfg = Release|Any CPU
		{A00346FA-ABB8-4DF4-BE13-613A5625A329}.Release|Any CPU.Build.0 = Release|Any CPU
		{0CB889B4-D618-4B7E-9C3C-E07663567F60}.Debug|Any CPU.ActiveCfg = Debug|Any CPU
		{0CB889B4-D618-4B7E-9C3C-E07663567F60}.Debug|Any CPU.Build.0 = Debug|Any CPU
		{0CB889B4-D618-4B7E-9C3C-E07663567F60}.Release|Any CPU.ActiveCfg = Release|Any CPU
		{0CB889B4-D618-4B7E-9C3C-E07663567F60}.Release|Any CPU.Build.0 = Release|Any CPU
	EndGlobalSection
	GlobalSection(SolutionProperties) = preSolution
		HideSolutionNode = FALSE
	EndGlobalSection
	GlobalSection(NestedProjects) = preSolution
		{A00346FA-ABB8-4DF4-BE13-613A5625A329} = {A713742A-80AD-45FE-8C12-3DDC91319434}
		{0CB889B4-D618-4B7E-9C3C-E07663567F60} = {A713742A-80AD-45FE-8C12-3DDC91319434}
	EndGlobalSection
	GlobalSection(ExtensibilityGlobals) = postSolution
		SolutionGuid = {503E5469-14C8-48CC-A67C-55B190132AC9}
	EndGlobalSection
EndGlobal
